
Microsoft Visual Studio Solution File, Format Version 12.00
# Visual Studio 2012
Project("{FAE04EC0-301F-11D3-BF4B-00C04F79EFBC}") = "DistanceGUI", "DistanceGUI\DistanceGUI.csproj", "{EDC64980-B41D-41E5-A940-E890E1C88542}"
EndProject
Global
	GlobalSection(SolutionConfigurationPlatforms) = preSolution
		Debug|Any CPU = Debug|Any CPU
		Release|Any CPU = Release|Any CPU
	EndGlobalSection
	GlobalSection(ProjectConfigurationPlatforms) = postSolution
		{EDC64980-B41D-41E5-A940-E890E1C88542}.Debug|Any CPU.ActiveCfg = Debug|Any CPU
		{EDC64980-B41D-41E5-A940-E890E1C88542}.Debug|Any CPU.Build.0 = Debug|Any CPU
		{EDC64980-B41D-41E5-A940-E890E1C88542}.Release|Any CPU.ActiveCfg = Release|Any CPU
		{EDC64980-B41D-41E5-A940-E890E1C88542}.Release|Any CPU.Build.0 = Release|Any CPU
	EndGlobalSection
	GlobalSection(SolutionProperties) = preSolution
		HideSolutionNode = FALSE
	EndGlobalSection
EndGlobal
